
Microsoft Visual Studio Solution File, Format Version 12.00
# Visual Studio Version 16
VisualStudioVersion = 16.0.32228.343
MinimumVisualStudioVersion = 10.0.40219.1
Project("{FC65038C-1B2F-41E1-A629-BED71D161FFF}") = "FinanceOperations1 (ISV) [ContosoTestEssentials]", "FinanceOperations1.rnrproj", "{3D6C65FD-21E3-4BA5-99C8-BC87ADCEB2BD}"
EndProject
Global
	GlobalSection(SolutionConfigurationPlatforms) = preSolution
		Debug|Any CPU = Debug|Any CPU
	EndGlobalSection
	GlobalSection(ProjectConfigurationPlatforms) = postSolution
		{3D6C65FD-21E3-4BA5-99C8-BC87ADCEB2BD}.Debug|Any CPU.ActiveCfg = Debug|Any CPU
		{3D6C65FD-21E3-4BA5-99C8-BC87ADCEB2BD}.Debug|Any CPU.Build.0 = Debug|Any CPU
	EndGlobalSection
	GlobalSection(SolutionProperties) = preSolution
		HideSolutionNode = FALSE
	EndGlobalSection
	GlobalSection(ExtensibilityGlobals) = postSolution
		SolutionGuid = {715004DC-485D-4FD3-847C-A2E5E267BC7C}
	EndGlobalSection
EndGlobal
